// !$*UTF8*$!
{
	archiveVersion = 1;
	classes = {
	};
	objectVersion = 50;
	objects = {

/* Begin PBXBuildFile section */
		71CCF97325E74B6F0051F2F8 /* AppDelegate.swift in Sources */ = {isa = PBXBuildFile; fileRef = 71CCF97225E74B6F0051F2F8 /* AppDelegate.swift */; };
		71CCF97525E74B6F0051F2F8 /* SceneDelegate.swift in Sources */ = {isa = PBXBuildFile; fileRef = 71CCF97425E74B6F0051F2F8 /* SceneDelegate.swift */; };
		71CCF97A25E74B6F0051F2F8 /* Main.storyboard in Resources */ = {isa = PBXBuildFile; fileRef = 71CCF97825E74B6F0051F2F8 /* Main.storyboard */; };
		71CCF97C25E74B700051F2F8 /* Assets.xcassets in Resources */ = {isa = PBXBuildFile; fileRef = 71CCF97B25E74B700051F2F8 /* Assets.xcassets */; };
		71CCF97F25E74B700051F2F8 /* LaunchScreen.storyboard in Resources */ = {isa = PBXBuildFile; fileRef = 71CCF97D25E74B700051F2F8 /* LaunchScreen.storyboard */; };
		71CCF98A25E74B700051F2F8 /* ParstagramTests.swift in Sources */ = {isa = PBXBuildFile; fileRef = 71CCF98925E74B700051F2F8 /* ParstagramTests.swift */; };
		71CCF99525E74B700051F2F8 /* ParstagramUITests.swift in Sources */ = {isa = PBXBuildFile; fileRef = 71CCF99425E74B700051F2F8 /* ParstagramUITests.swift */; };
		71CCF9A925E750850051F2F8 /* LoginViewController.swift in Sources */ = {isa = PBXBuildFile; fileRef = 71CCF9A825E750850051F2F8 /* LoginViewController.swift */; };
		71CCF9AE25E7508E0051F2F8 /* FeedViewController.swift in Sources */ = {isa = PBXBuildFile; fileRef = 71CCF9AD25E7508E0051F2F8 /* FeedViewController.swift */; };
		9C61F21E1AA6094F47B42E19 /* Pods_ParstagramTests.framework in Frameworks */ = {isa = PBXBuildFile; fileRef = 8C47FF91BB00C72EF4F4D263 /* Pods_ParstagramTests.framework */; };
		A042B2D451D0A915EC52FBF2 /* Pods_Parstagram_ParstagramUITests.framework in Frameworks */ = {isa = PBXBuildFile; fileRef = C1716E43C6D9A10592477CF7 /* Pods_Parstagram_ParstagramUITests.framework */; };
		D7D29B4FCDDDAF08119DB012 /* Pods_Parstagram.framework in Frameworks */ = {isa = PBXBuildFile; fileRef = 49784A1ADE67FD6D465A706D /* Pods_Parstagram.framework */; };
/* End PBXBuildFile section */

/* Begin PBXContainerItemProxy section */
		71CCF98625E74B700051F2F8 /* PBXContainerItemProxy */ = {
			isa = PBXContainerItemProxy;
			containerPortal = 71CCF96725E74B6F0051F2F8 /* Project object */;
			proxyType = 1;
			remoteGlobalIDString = 71CCF96E25E74B6F0051F2F8;
			remoteInfo = Parstagram;
		};
		71CCF99125E74B700051F2F8 /* PBXContainerItemProxy */ = {
			isa = PBXContainerItemProxy;
			containerPortal = 71CCF96725E74B6F0051F2F8 /* Project object */;
			proxyType = 1;
			remoteGlobalIDString = 71CCF96E25E74B6F0051F2F8;
			remoteInfo = Parstagram;
		};
/* End PBXContainerItemProxy section */

/* Begin PBXFileReference section */
		1C7B0592BAEE7872847D5E45 /* Pods-Parstagram.debug.xcconfig */ = {isa = PBXFileReference; includeInIndex = 1; lastKnownFileType = text.xcconfig; name = "Pods-Parstagram.debug.xcconfig"; path = "Target Support Files/Pods-Parstagram/Pods-Parstagram.debug.xcconfig"; sourceTree = "<group>"; };
		49784A1ADE67FD6D465A706D /* Pods_Parstagram.framework */ = {isa = PBXFileReference; explicitFileType = wrapper.framework; includeInIndex = 0; path = Pods_Parstagram.framework; sourceTree = BUILT_PRODUCTS_DIR; };
		5790A49647C4D724101B23E5 /* Pods-Parstagram.release.xcconfig */ = {isa = PBXFileReference; includeInIndex = 1; lastKnownFileType = text.xcconfig; name = "Pods-Parstagram.release.xcconfig"; path = "Target Support Files/Pods-Parstagram/Pods-Parstagram.release.xcconfig"; sourceTree = "<group>"; };
		57B0E79A660EFA4565F5E0F9 /* Pods-Parstagram-ParstagramUITests.release.xcconfig */ = {isa = PBXFileReference; includeInIndex = 1; lastKnownFileType = text.xcconfig; name = "Pods-Parstagram-ParstagramUITests.release.xcconfig"; path = "Target Support Files/Pods-Parstagram-ParstagramUITests/Pods-Parstagram-ParstagramUITests.release.xcconfig"; sourceTree = "<group>"; };
		5A70C35BA61BA0F1F1E18A86 /* Pods-ParstagramTests.release.xcconfig */ = {isa = PBXFileReference; includeInIndex = 1; lastKnownFileType = text.xcconfig; name = "Pods-ParstagramTests.release.xcconfig"; path = "Target Support Files/Pods-ParstagramTests/Pods-ParstagramTests.release.xcconfig"; sourceTree = "<group>"; };
		71CCF96F25E74B6F0051F2F8 /* Parstagram.app */ = {isa = PBXFileReference; explicitFileType = wrapper.application; includeInIndex = 0; path = Parstagram.app; sourceTree = BUILT_PRODUCTS_DIR; };
		71CCF97225E74B6F0051F2F8 /* AppDelegate.swift */ = {isa = PBXFileReference; lastKnownFileType = sourcecode.swift; path = AppDelegate.swift; sourceTree = "<group>"; };
		71CCF97425E74B6F0051F2F8 /* SceneDelegate.swift */ = {isa = PBXFileReference; lastKnownFileType = sourcecode.swift; path = SceneDelegate.swift; sourceTree = "<group>"; };
		71CCF97925E74B6F0051F2F8 /* Base */ = {isa = PBXFileReference; lastKnownFileType = file.storyboard; name = Base; path = Base.lproj/Main.storyboard; sourceTree = "<group>"; };
		71CCF97B25E74B700051F2F8 /* Assets.xcassets */ = {isa = PBXFileReference; lastKnownFileType = folder.assetcatalog; path = Assets.xcassets; sourceTree = "<group>"; };
		71CCF97E25E74B700051F2F8 /* Base */ = {isa = PBXFileReference; lastKnownFileType = file.storyboard; name = Base; path = Base.lproj/LaunchScreen.storyboard; sourceTree = "<group>"; };
		71CCF98025E74B700051F2F8 /* Info.plist */ = {isa = PBXFileReference; lastKnownFileType = text.plist.xml; path = Info.plist; sourceTree = "<group>"; };
		71CCF98525E74B700051F2F8 /* ParstagramTests.xctest */ = {isa = PBXFileReference; explicitFileType = wrapper.cfbundle; includeInIndex = 0; path = ParstagramTests.xctest; sourceTree = BUILT_PRODUCTS_DIR; };
		71CCF98925E74B700051F2F8 /* ParstagramTests.swift */ = {isa = PBXFileReference; lastKnownFileType = sourcecode.swift; path = ParstagramTests.swift; sourceTree = "<group>"; };
		71CCF98B25E74B700051F2F8 /* Info.plist */ = {isa = PBXFileReference; lastKnownFileType = text.plist.xml; path = Info.plist; sourceTree = "<group>"; };
		71CCF99025E74B700051F2F8 /* ParstagramUITests.xctest */ = {isa = PBXFileReference; explicitFileType = wrapper.cfbundle; includeInIndex = 0; path = ParstagramUITests.xctest; sourceTree = BUILT_PRODUCTS_DIR; };
		71CCF99425E74B700051F2F8 /* ParstagramUITests.swift */ = {isa = PBXFileReference; lastKnownFileType = sourcecode.swift; path = ParstagramUITests.swift; sourceTree = "<group>"; };
		71CCF99625E74B700051F2F8 /* Info.plist */ = {isa = PBXFileReference; lastKnownFileType = text.plist.xml; path = Info.plist; sourceTree = "<group>"; };
		71CCF9A825E750850051F2F8 /* LoginViewController.swift */ = {isa = PBXFileReference; lastKnownFileType = sourcecode.swift; path = LoginViewController.swift; sourceTree = "<group>"; };
		71CCF9AD25E7508E0051F2F8 /* FeedViewController.swift */ = {isa = PBXFileReference; lastKnownFileType = sourcecode.swift; path = FeedViewController.swift; sourceTree = "<group>"; };
		8C47FF91BB00C72EF4F4D263 /* Pods_ParstagramTests.framework */ = {isa = PBXFileReference; explicitFileType = wrapper.framework; includeInIndex = 0; path = Pods_ParstagramTests.framework; sourceTree = BUILT_PRODUCTS_DIR; };
		987A48E4417CC6D3816B8875 /* Pods-ParstagramTests.debug.xcconfig */ = {isa = PBXFileReference; includeInIndex = 1; lastKnownFileType = text.xcconfig; name = "Pods-ParstagramTests.debug.xcconfig"; path = "Target Support Files/Pods-ParstagramTests/Pods-ParstagramTests.debug.xcconfig"; sourceTree = "<group>"; };
		B452B40CE58B186A1B2D81D6 /* Pods-Parstagram-ParstagramUITests.debug.xcconfig */ = {isa = PBXFileReference; includeInIndex = 1; lastKnownFileType = text.xcconfig; name = "Pods-Parstagram-ParstagramUITests.debug.xcconfig"; path = "Target Support Files/Pods-Parstagram-ParstagramUITests/Pods-Parstagram-ParstagramUITests.debug.xcconfig"; sourceTree = "<group>"; };
		C1716E43C6D9A10592477CF7 /* Pods_Parstagram_ParstagramUITests.framework */ = {isa = PBXFileReference; explicitFileType = wrapper.framework; includeInIndex = 0; path = Pods_Parstagram_ParstagramUITests.framework; sourceTree = BUILT_PRODUCTS_DIR; };
/* End PBXFileReference section */

/* Begin PBXFrameworksBuildPhase section */
		71CCF96C25E74B6F0051F2F8 /* Frameworks */ = {
			isa = PBXFrameworksBuildPhase;
			buildActionMask = 2147483647;
			files = (
				D7D29B4FCDDDAF08119DB012 /* Pods_Parstagram.framework in Frameworks */,
			);
			runOnlyForDeploymentPostprocessing = 0;
		};
		71CCF98225E74B700051F2F8 /* Frameworks */ = {
			isa = PBXFrameworksBuildPhase;
			buildActionMask = 2147483647;
			files = (
				9C61F21E1AA6094F47B42E19 /* Pods_ParstagramTests.framework in Frameworks */,
			);
			runOnlyForDeploymentPostprocessing = 0;
		};
		71CCF98D25E74B700051F2F8 /* Frameworks */ = {
			isa = PBXFrameworksBuildPhase;
			buildActionMask = 2147483647;
			files = (
				A042B2D451D0A915EC52FBF2 /* Pods_Parstagram_ParstagramUITests.framework in Frameworks */,
			);
			runOnlyForDeploymentPostprocessing = 0;
		};
/* End PBXFrameworksBuildPhase section */

/* Begin PBXGroup section */
		15E35AB8B595C044B5235306 /* Frameworks */ = {
			isa = PBXGroup;
			children = (
				49784A1ADE67FD6D465A706D /* Pods_Parstagram.framework */,
				C1716E43C6D9A10592477CF7 /* Pods_Parstagram_ParstagramUITests.framework */,
				8C47FF91BB00C72EF4F4D263 /* Pods_ParstagramTests.framework */,
			);
			name = Frameworks;
			sourceTree = "<group>";
		};
		71CCF96625E74B6F0051F2F8 = {
			isa = PBXGroup;
			children = (
				71CCF97125E74B6F0051F2F8 /* Parstagram */,
				71CCF98825E74B700051F2F8 /* ParstagramTests */,
				71CCF99325E74B700051F2F8 /* ParstagramUITests */,
				71CCF97025E74B6F0051F2F8 /* Products */,
				AA0D69DD833A5E6589A9DADF /* Pods */,
				15E35AB8B595C044B5235306 /* Frameworks */,
			);
			sourceTree = "<group>";
		};
		71CCF97025E74B6F0051F2F8 /* Products */ = {
			isa = PBXGroup;
			children = (
				71CCF96F25E74B6F0051F2F8 /* Parstagram.app */,
				71CCF98525E74B700051F2F8 /* ParstagramTests.xctest */,
				71CCF99025E74B700051F2F8 /* ParstagramUITests.xctest */,
			);
			name = Products;
			sourceTree = "<group>";
		};
		71CCF97125E74B6F0051F2F8 /* Parstagram */ = {
			isa = PBXGroup;
			children = (
				71CCF97225E74B6F0051F2F8 /* AppDelegate.swift */,
				71CCF97425E74B6F0051F2F8 /* SceneDelegate.swift */,
				71CCF97825E74B6F0051F2F8 /* Main.storyboard */,
				71CCF97B25E74B700051F2F8 /* Assets.xcassets */,
				71CCF97D25E74B700051F2F8 /* LaunchScreen.storyboard */,
				71CCF98025E74B700051F2F8 /* Info.plist */,
				71CCF9A825E750850051F2F8 /* LoginViewController.swift */,
				71CCF9AD25E7508E0051F2F8 /* FeedViewController.swift */,
			);
			path = Parstagram;
			sourceTree = "<group>";
		};
		71CCF98825E74B700051F2F8 /* ParstagramTests */ = {
			isa = PBXGroup;
			children = (
				71CCF98925E74B700051F2F8 /* ParstagramTests.swift */,
				71CCF98B25E74B700051F2F8 /* Info.plist */,
			);
			path = ParstagramTests;
			sourceTree = "<group>";
		};
		71CCF99325E74B700051F2F8 /* ParstagramUITests */ = {
			isa = PBXGroup;
			children = (
				71CCF99425E74B700051F2F8 /* ParstagramUITests.swift */,
				71CCF99625E74B700051F2F8 /* Info.plist */,
			);
			path = ParstagramUITests;
			sourceTree = "<group>";
		};
		AA0D69DD833A5E6589A9DADF /* Pods */ = {
			isa = PBXGroup;
			children = (
				1C7B0592BAEE7872847D5E45 /* Pods-Parstagram.debug.xcconfig */,
				5790A49647C4D724101B23E5 /* Pods-Parstagram.release.xcconfig */,
				B452B40CE58B186A1B2D81D6 /* Pods-Parstagram-ParstagramUITests.debug.xcconfig */,
				57B0E79A660EFA4565F5E0F9 /* Pods-Parstagram-ParstagramUITests.release.xcconfig */,
				987A48E4417CC6D3816B8875 /* Pods-ParstagramTests.debug.xcconfig */,
				5A70C35BA61BA0F1F1E18A86 /* Pods-ParstagramTests.release.xcconfig */,
			);
			name = Pods;
			path = Pods;
			sourceTree = "<group>";
		};
/* End PBXGroup section */

/* Begin PBXNativeTarget section */
		71CCF96E25E74B6F0051F2F8 /* Parstagram */ = {
			isa = PBXNativeTarget;
			buildConfigurationList = 71CCF99925E74B700051F2F8 /* Build configuration list for PBXNativeTarget "Parstagram" */;
			buildPhases = (
				6202C19E12C5128A2F3516E8 /* [CP] Check Pods Manifest.lock */,
				71CCF96B25E74B6F0051F2F8 /* Sources */,
				71CCF96C25E74B6F0051F2F8 /* Frameworks */,
				71CCF96D25E74B6F0051F2F8 /* Resources */,
				B5982DE163333A218842EB87 /* [CP] Embed Pods Frameworks */,
			);
			buildRules = (
			);
			dependencies = (
			);
			name = Parstagram;
			productName = Parstagram;
			productReference = 71CCF96F25E74B6F0051F2F8 /* Parstagram.app */;
			productType = "com.apple.product-type.application";
		};
		71CCF98425E74B700051F2F8 /* ParstagramTests */ = {
			isa = PBXNativeTarget;
			buildConfigurationList = 71CCF99C25E74B700051F2F8 /* Build configuration list for PBXNativeTarget "ParstagramTests" */;
			buildPhases = (
				63916B579B95C9B25FEFE06F /* [CP] Check Pods Manifest.lock */,
				71CCF98125E74B700051F2F8 /* Sources */,
				71CCF98225E74B700051F2F8 /* Frameworks */,
				71CCF98325E74B700051F2F8 /* Resources */,
			);
			buildRules = (
			);
			dependencies = (
				71CCF98725E74B700051F2F8 /* PBXTargetDependency */,
			);
			name = ParstagramTests;
			productName = ParstagramTests;
			productReference = 71CCF98525E74B700051F2F8 /* ParstagramTests.xctest */;
			productType = "com.apple.product-type.bundle.unit-test";
		};
		71CCF98F25E74B700051F2F8 /* ParstagramUITests */ = {
			isa = PBXNativeTarget;
			buildConfigurationList = 71CCF99F25E74B700051F2F8 /* Build configuration list for PBXNativeTarget "ParstagramUITests" */;
			buildPhases = (
				1898A45D8E0B434807A47196 /* [CP] Check Pods Manifest.lock */,
				71CCF98C25E74B700051F2F8 /* Sources */,
				71CCF98D25E74B700051F2F8 /* Frameworks */,
				71CCF98E25E74B700051F2F8 /* Resources */,
				5BD3B4A8029E5BF52AB480E7 /* [CP] Embed Pods Frameworks */,
			);
			buildRules = (
			);
			dependencies = (
				71CCF99225E74B700051F2F8 /* PBXTargetDependency */,
			);
			name = ParstagramUITests;
			productName = ParstagramUITests;
			productReference = 71CCF99025E74B700051F2F8 /* ParstagramUITests.xctest */;
			productType = "com.apple.product-type.bundle.ui-testing";
		};
/* End PBXNativeTarget section */

/* Begin PBXProject section */
		71CCF96725E74B6F0051F2F8 /* Project object */ = {
			isa = PBXProject;
			attributes = {
				LastSwiftUpdateCheck = 1240;
				LastUpgradeCheck = 1240;
				TargetAttributes = {
					71CCF96E25E74B6F0051F2F8 = {
						CreatedOnToolsVersion = 12.4;
					};
					71CCF98425E74B700051F2F8 = {
						CreatedOnToolsVersion = 12.4;
						TestTargetID = 71CCF96E25E74B6F0051F2F8;
					};
					71CCF98F25E74B700051F2F8 = {
						CreatedOnToolsVersion = 12.4;
						TestTargetID = 71CCF96E25E74B6F0051F2F8;
					};
				};
			};
			buildConfigurationList = 71CCF96A25E74B6F0051F2F8 /* Build configuration list for PBXProject "Parstagram" */;
			compatibilityVersion = "Xcode 9.3";
			developmentRegion = en;
			hasScannedForEncodings = 0;
			knownRegions = (
				en,
				Base,
			);
			mainGroup = 71CCF96625E74B6F0051F2F8;
			productRefGroup = 71CCF97025E74B6F0051F2F8 /* Products */;
			projectDirPath = "";
			projectRoot = "";
			targets = (
				71CCF96E25E74B6F0051F2F8 /* Parstagram */,
				71CCF98425E74B700051F2F8 /* ParstagramTests */,
				71CCF98F25E74B700051F2F8 /* ParstagramUITests */,
			);
		};
/* End PBXProject section */

/* Begin PBXResourcesBuildPhase section */
		71CCF96D25E74B6F0051F2F8 /* Resources */ = {
			isa = PBXResourcesBuildPhase;
			buildActionMask = 2147483647;
			files = (
				71CCF97F25E74B700051F2F8 /* LaunchScreen.storyboard in Resources */,
				71CCF97C25E74B700051F2F8 /* Assets.xcassets in Resources */,
				71CCF97A25E74B6F0051F2F8 /* Main.storyboard in Resources */,
			);
			runOnlyForDeploymentPostprocessing = 0;
		};
		71CCF98325E74B700051F2F8 /* Resources */ = {
			isa = PBXResourcesBuildPhase;
			buildActionMask = 2147483647;
			files = (
			);
			runOnlyForDeploymentPostprocessing = 0;
		};
		71CCF98E25E74B700051F2F8 /* Resources */ = {
			isa = PBXResourcesBuildPhase;
			buildActionMask = 2147483647;
			files = (
			);
			runOnlyForDeploymentPostprocessing = 0;
		};
/* End PBXResourcesBuildPhase section */

/* Begin PBXShellScriptBuildPhase section */
		1898A45D8E0B434807A47196 /* [CP] Check Pods Manifest.lock */ = {
			isa = PBXShellScriptBuildPhase;
			buildActionMask = 2147483647;
			files = (
			);
			inputFileListPaths = (
			);
			inputPaths = (
				"${PODS_PODFILE_DIR_PATH}/Podfile.lock",
				"${PODS_ROOT}/Manifest.lock",
			);
			name = "[CP] Check Pods Manifest.lock";
			outputFileListPaths = (
			);
			outputPaths = (
				"$(DERIVED_FILE_DIR)/Pods-Parstagram-ParstagramUITests-checkManifestLockResult.txt",
			);
			runOnlyForDeploymentPostprocessing = 0;
			shellPath = /bin/sh;
			shellScript = "diff \"${PODS_PODFILE_DIR_PATH}/Podfile.lock\" \"${PODS_ROOT}/Manifest.lock\" > /dev/null\nif [ $? != 0 ] ; then\n    # print error to STDERR\n    echo \"error: The sandbox is not in sync with the Podfile.lock. Run 'pod install' or update your CocoaPods installation.\" >&2\n    exit 1\nfi\n# This output is used by Xcode 'outputs' to avoid re-running this script phase.\necho \"SUCCESS\" > \"${SCRIPT_OUTPUT_FILE_0}\"\n";
			showEnvVarsInLog = 0;
		};
		5BD3B4A8029E5BF52AB480E7 /* [CP] Embed Pods Frameworks */ = {
			isa = PBXShellScriptBuildPhase;
			buildActionMask = 2147483647;
			files = (
			);
			inputFileListPaths = (
				"${PODS_ROOT}/Target Support Files/Pods-Parstagram-ParstagramUITests/Pods-Parstagram-ParstagramUITests-frameworks-${CONFIGURATION}-input-files.xcfilelist",
			);
			name = "[CP] Embed Pods Frameworks";
			outputFileListPaths = (
				"${PODS_ROOT}/Target Support Files/Pods-Parstagram-ParstagramUITests/Pods-Parstagram-ParstagramUITests-frameworks-${CONFIGURATION}-output-files.xcfilelist",
			);
			runOnlyForDeploymentPostprocessing = 0;
			shellPath = /bin/sh;
			shellScript = "\"${PODS_ROOT}/Target Support Files/Pods-Parstagram-ParstagramUITests/Pods-Parstagram-ParstagramUITests-frameworks.sh\"\n";
			showEnvVarsInLog = 0;
		};
		6202C19E12C5128A2F3516E8 /* [CP] Check Pods Manifest.lock */ = {
			isa = PBXShellScriptBuildPhase;
			buildActionMask = 2147483647;
			files = (
			);
			inputFileListPaths = (
			);
			inputPaths = (
				"${PODS_PODFILE_DIR_PATH}/Podfile.lock",
				"${PODS_ROOT}/Manifest.lock",
			);
			name = "[CP] Check Pods Manifest.lock";
			outputFileListPaths = (
			);
			outputPaths = (
				"$(DERIVED_FILE_DIR)/Pods-Parstagram-checkManifestLockResult.txt",
			);
			runOnlyForDeploymentPostprocessing = 0;
			shellPath = /bin/sh;
			shellScript = "diff \"${PODS_PODFILE_DIR_PATH}/Podfile.lock\" \"${PODS_ROOT}/Manifest.lock\" > /dev/null\nif [ $? != 0 ] ; then\n    # print error to STDERR\n    echo \"error: The sandbox is not in sync with the Podfile.lock. Run 'pod install' or update your CocoaPods installation.\" >&2\n    exit 1\nfi\n# This output is used by Xcode 'outputs' to avoid re-running this script phase.\necho \"SUCCESS\" > \"${SCRIPT_OUTPUT_FILE_0}\"\n";
			showEnvVarsInLog = 0;
		};
		63916B579B95C9B25FEFE06F /* [CP] Check Pods Manifest.lock */ = {
			isa = PBXShellScriptBuildPhase;
			buildActionMask = 2147483647;
			files = (
			);
			inputFileListPaths = (
			);
			inputPaths = (
				"${PODS_PODFILE_DIR_PATH}/Podfile.lock",
				"${PODS_ROOT}/Manifest.lock",
			);
			name = "[CP] Check Pods Manifest.lock";
			outputFileListPaths = (
			);
			outputPaths = (
				"$(DERIVED_FILE_DIR)/Pods-ParstagramTests-checkManifestLockResult.txt",
			);
			runOnlyForDeploymentPostprocessing = 0;
			shellPath = /bin/sh;
			shellScript = "diff \"${PODS_PODFILE_DIR_PATH}/Podfile.lock\" \"${PODS_ROOT}/Manifest.lock\" > /dev/null\nif [ $? != 0 ] ; then\n    # print error to STDERR\n    echo \"error: The sandbox is not in sync with the Podfile.lock. Run 'pod install' or update your CocoaPods installation.\" >&2\n    exit 1\nfi\n# This output is used by Xcode 'outputs' to avoid re-running this script phase.\necho \"SUCCESS\" > \"${SCRIPT_OUTPUT_FILE_0}\"\n";
			showEnvVarsInLog = 0;
		};
		B5982DE163333A218842EB87 /* [CP] Embed Pods Frameworks */ = {
			isa = PBXShellScriptBuildPhase;
			buildActionMask = 2147483647;
			files = (
			);
			inputFileListPaths = (
				"${PODS_ROOT}/Target Support Files/Pods-Parstagram/Pods-Parstagram-frameworks-${CONFIGURATION}-input-files.xcfilelist",
			);
			name = "[CP] Embed Pods Frameworks";
			outputFileListPaths = (
				"${PODS_ROOT}/Target Support Files/Pods-Parstagram/Pods-Parstagram-frameworks-${CONFIGURATION}-output-files.xcfilelist",
			);
			runOnlyForDeploymentPostprocessing = 0;
			shellPath = /bin/sh;
			shellScript = "\"${PODS_ROOT}/Target Support Files/Pods-Parstagram/Pods-Parstagram-frameworks.sh\"\n";
			showEnvVarsInLog = 0;
		};
/* End PBXShellScriptBuildPhase section */

/* Begin PBXSourcesBuildPhase section */
		71CCF96B25E74B6F0051F2F8 /* Sources */ = {
			isa = PBXSourcesBuildPhase;
			buildActionMask = 2147483647;
			files = (
				71CCF9A925E750850051F2F8 /* LoginViewController.swift in Sources */,
				71CCF97325E74B6F0051F2F8 /* AppDelegate.swift in Sources */,
				71CCF9AE25E7508E0051F2F8 /* FeedViewController.swift in Sources */,
				71CCF97525E74B6F0051F2F8 /* SceneDelegate.swift in Sources */,
			);
			runOnlyForDeploymentPostprocessing = 0;
		};
		71CCF98125E74B700051F2F8 /* Sources */ = {
			isa = PBXSourcesBuildPhase;
			buildActionMask = 2147483647;
			files = (
				71CCF98A25E74B700051F2F8 /* ParstagramTests.swift in Sources */,
			);
			runOnlyForDeploymentPostprocessing = 0;
		};
		71CCF98C25E74B700051F2F8 /* Sources */ = {
			isa = PBXSourcesBuildPhase;
			buildActionMask = 2147483647;
			files = (
				71CCF99525E74B700051F2F8 /* ParstagramUITests.swift in Sources */,
			);
			runOnlyForDeploymentPostprocessing = 0;
		};
/* End PBXSourcesBuildPhase section */

/* Begin PBXTargetDependency section */
		71CCF98725E74B700051F2F8 /* PBXTargetDependency */ = {
			isa = PBXTargetDependency;
			target = 71CCF96E25E74B6F0051F2F8 /* Parstagram */;
			targetProxy = 71CCF98625E74B700051F2F8 /* PBXContainerItemProxy */;
		};
		71CCF99225E74B700051F2F8 /* PBXTargetDependency */ = {
			isa = PBXTargetDependency;
			target = 71CCF96E25E74B6F0051F2F8 /* Parstagram */;
			targetProxy = 71CCF99125E74B700051F2F8 /* PBXContainerItemProxy */;
		};
/* End PBXTargetDependency section */

/* Begin PBXVariantGroup section */
		71CCF97825E74B6F0051F2F8 /* Main.storyboard */ = {
			isa = PBXVariantGroup;
			children = (
				71CCF97925E74B6F0051F2F8 /* Base */,
			);
			name = Main.storyboard;
			sourceTree = "<group>";
		};
		71CCF97D25E74B700051F2F8 /* LaunchScreen.storyboard */ = {
			isa = PBXVariantGroup;
			children = (
				71CCF97E25E74B700051F2F8 /* Base */,
			);
			name = LaunchScreen.storyboard;
			sourceTree = "<group>";
		};
/* End PBXVariantGroup section */

/* Begin XCBuildConfiguration section */
		71CCF99725E74B700051F2F8 /* Debug */ = {
			isa = XCBuildConfiguration;
			buildSettings = {
				ALWAYS_SEARCH_USER_PATHS = NO;
				CLANG_ANALYZER_NONNULL = YES;
				CLANG_ANALYZER_NUMBER_OBJECT_CONVERSION = YES_AGGRESSIVE;
				CLANG_CXX_LANGUAGE_STANDARD = "gnu++14";
				CLANG_CXX_LIBRARY = "libc++";
				CLANG_ENABLE_MODULES = YES;
				CLANG_ENABLE_OBJC_ARC = YES;
				CLANG_ENABLE_OBJC_WEAK = YES;
				CLANG_WARN_BLOCK_CAPTURE_AUTORELEASING = YES;
				CLANG_WARN_BOOL_CONVERSION = YES;
				CLANG_WARN_COMMA = YES;
				CLANG_WARN_CONSTANT_CONVERSION = YES;
				CLANG_WARN_DEPRECATED_OBJC_IMPLEMENTATIONS = YES;
				CLANG_WARN_DIRECT_OBJC_ISA_USAGE = YES_ERROR;
				CLANG_WARN_DOCUMENTATION_COMMENTS = YES;
				CLANG_WARN_EMPTY_BODY = YES;
				CLANG_WARN_ENUM_CONVERSION = YES;
				CLANG_WARN_INFINITE_RECURSION = YES;
				CLANG_WARN_INT_CONVERSION = YES;
				CLANG_WARN_NON_LITERAL_NULL_CONVERSION = YES;
				CLANG_WARN_OBJC_IMPLICIT_RETAIN_SELF = YES;
				CLANG_WARN_OBJC_LITERAL_CONVERSION = YES;
				CLANG_WARN_OBJC_ROOT_CLASS = YES_ERROR;
				CLANG_WARN_QUOTED_INCLUDE_IN_FRAMEWORK_HEADER = YES;
				CLANG_WARN_RANGE_LOOP_ANALYSIS = YES;
				CLANG_WARN_STRICT_PROTOTYPES = YES;
				CLANG_WARN_SUSPICIOUS_MOVE = YES;
				CLANG_WARN_UNGUARDED_AVAILABILITY = YES_AGGRESSIVE;
				CLANG_WARN_UNREACHABLE_CODE = YES;
				CLANG_WARN__DUPLICATE_METHOD_MATCH = YES;
				COPY_PHASE_STRIP = NO;
				DEBUG_INFORMATION_FORMAT = dwarf;
				ENABLE_STRICT_OBJC_MSGSEND = YES;
				ENABLE_TESTABILITY = YES;
				GCC_C_LANGUAGE_STANDARD = gnu11;
				GCC_DYNAMIC_NO_PIC = NO;
				GCC_NO_COMMON_BLOCKS = YES;
				GCC_OPTIMIZATION_LEVEL = 0;
				GCC_PREPROCESSOR_DEFINITIONS = (
					"DEBUG=1",
					"$(inherited)",
				);
				GCC_WARN_64_TO_32_BIT_CONVERSION = YES;
				GCC_WARN_ABOUT_RETURN_TYPE = YES_ERROR;
				GCC_WARN_UNDECLARED_SELECTOR = YES;
				GCC_WARN_UNINITIALIZED_AUTOS = YES_AGGRESSIVE;
				GCC_WARN_UNUSED_FUNCTION = YES;
				GCC_WARN_UNUSED_VARIABLE = YES;
				IPHONEOS_DEPLOYMENT_TARGET = 14.4;
				MTL_ENABLE_DEBUG_INFO = INCLUDE_SOURCE;
				MTL_FAST_MATH = YES;
				ONLY_ACTIVE_ARCH = YES;
				SDKROOT = iphoneos;
				SWIFT_ACTIVE_COMPILATION_CONDITIONS = DEBUG;
				SWIFT_OPTIMIZATION_LEVEL = "-Onone";
			};
			name = Debug;
		};
		71CCF99825E74B700051F2F8 /* Release */ = {
			isa = XCBuildConfiguration;
			buildSettings = {
				ALWAYS_SEARCH_USER_PATHS = NO;
				CLANG_ANALYZER_NONNULL = YES;
				CLANG_ANALYZER_NUMBER_OBJECT_CONVERSION = YES_AGGRESSIVE;
				CLANG_CXX_LANGUAGE_STANDARD = "gnu++14";
				CLANG_CXX_LIBRARY = "libc++";
				CLANG_ENABLE_MODULES = YES;
				CLANG_ENABLE_OBJC_ARC = YES;
				CLANG_ENABLE_OBJC_WEAK = YES;
				CLANG_WARN_BLOCK_CAPTURE_AUTORELEASING = YES;
				CLANG_WARN_BOOL_CONVERSION = YES;
				CLANG_WARN_COMMA = YES;
				CLANG_WARN_CONSTANT_CONVERSION = YES;
				CLANG_WARN_DEPRECATED_OBJC_IMPLEMENTATIONS = YES;
				CLANG_WARN_DIRECT_OBJC_ISA_USAGE = YES_ERROR;
				CLANG_WARN_DOCUMENTATION_COMMENTS = YES;
				CLANG_WARN_EMPTY_BODY = YES;
				CLANG_WARN_ENUM_CONVERSION = YES;
				CLANG_WARN_INFINITE_RECURSION = YES;
				CLANG_WARN_INT_CONVERSION = YES;
				CLANG_WARN_NON_LITERAL_NULL_CONVERSION = YES;
				CLANG_WARN_OBJC_IMPLICIT_RETAIN_SELF = YES;
				CLANG_WARN_OBJC_LITERAL_CONVERSION = YES;
				CLANG_WARN_OBJC_ROOT_CLASS = YES_ERROR;
				CLANG_WARN_QUOTED_INCLUDE_IN_FRAMEWORK_HEADER = YES;
				CLANG_WARN_RANGE_LOOP_ANALYSIS = YES;
				CLANG_WARN_STRICT_PROTOTYPES = YES;
				CLANG_WARN_SUSPICIOUS_MOVE = YES;
				CLANG_WARN_UNGUARDED_AVAILABILITY = YES_AGGRESSIVE;
				CLANG_WARN_UNREACHABLE_CODE = YES;
				CLANG_WARN__DUPLICATE_METHOD_MATCH = YES;
				COPY_PHASE_STRIP = NO;
				DEBUG_INFORMATION_FORMAT = "dwarf-with-dsym";
				ENABLE_NS_ASSERTIONS = NO;
				ENABLE_STRICT_OBJC_MSGSEND = YES;
				GCC_C_LANGUAGE_STANDARD = gnu11;
				GCC_NO_COMMON_BLOCKS = YES;
				GCC_WARN_64_TO_32_BIT_CONVERSION = YES;
				GCC_WARN_ABOUT_RETURN_TYPE = YES_ERROR;
				GCC_WARN_UNDECLARED_SELECTOR = YES;
				GCC_WARN_UNINITIALIZED_AUTOS = YES_AGGRESSIVE;
				GCC_WARN_UNUSED_FUNCTION = YES;
				GCC_WARN_UNUSED_VARIABLE = YES;
				IPHONEOS_DEPLOYMENT_TARGET = 14.4;
				MTL_ENABLE_DEBUG_INFO = NO;
				MTL_FAST_MATH = YES;
				SDKROOT = iphoneos;
				SWIFT_COMPILATION_MODE = wholemodule;
				SWIFT_OPTIMIZATION_LEVEL = "-O";
				VALIDATE_PRODUCT = YES;
			};
			name = Release;
		};
		71CCF99A25E74B700051F2F8 /* Debug */ = {
			isa = XCBuildConfiguration;
			baseConfigurationReference = 1C7B0592BAEE7872847D5E45 /* Pods-Parstagram.debug.xcconfig */;
			buildSettings = {
				ASSETCATALOG_COMPILER_APPICON_NAME = AppIcon;
				ASSETCATALOG_COMPILER_GLOBAL_ACCENT_COLOR_NAME = AccentColor;
				CODE_SIGN_STYLE = Automatic;
				DEVELOPMENT_TEAM = 4YTNF24PY6;
				INFOPLIST_FILE = Parstagram/Info.plist;
				LD_RUNPATH_SEARCH_PATHS = (
					"$(inherited)",
					"@executable_path/Frameworks",
				);
				PRODUCT_BUNDLE_IDENTIFIER = "brayamcorral-gmail.com.Parstagram";
				PRODUCT_NAME = "$(TARGET_NAME)";
				SWIFT_VERSION = 5.0;
				TARGETED_DEVICE_FAMILY = "1,2";
			};
			name = Debug;
		};
		71CCF99B25E74B700051F2F8 /* Release */ = {
			isa = XCBuildConfiguration;
			baseConfigurationReference = 5790A49647C4D724101B23E5 /* Pods-Parstagram.release.xcconfig */;
			buildSettings = {
				ASSETCATALOG_COMPILER_APPICON_NAME = AppIcon;
				ASSETCATALOG_COMPILER_GLOBAL_ACCENT_COLOR_NAME = AccentColor;
				CODE_SIGN_STYLE = Automatic;
				DEVELOPMENT_TEAM = 4YTNF24PY6;
				INFOPLIST_FILE = Parstagram/Info.plist;
				LD_RUNPATH_SEARCH_PATHS = (
					"$(inherited)",
					"@executable_path/Frameworks",
				);
				PRODUCT_BUNDLE_IDENTIFIER = "brayamcorral-gmail.com.Parstagram";
				PRODUCT_NAME = "$(TARGET_NAME)";
				SWIFT_VERSION = 5.0;
				TARGETED_DEVICE_FAMILY = "1,2";
			};
			name = Release;
		};
		71CCF99D25E74B700051F2F8 /* Debug */ = {
			isa = XCBuildConfiguration;
			baseConfigurationReference = 987A48E4417CC6D3816B8875 /* Pods-ParstagramTests.debug.xcconfig */;
			buildSettings = {
				ALWAYS_EMBED_SWIFT_STANDARD_LIBRARIES = YES;
				BUNDLE_LOADER = "$(TEST_HOST)";
				CODE_SIGN_STYLE = Automatic;
				DEVELOPMENT_TEAM = 4YTNF24PY6;
				INFOPLIST_FILE = ParstagramTests/Info.plist;
				IPHONEOS_DEPLOYMENT_TARGET = 14.4;
				LD_RUNPATH_SEARCH_PATHS = (
					"$(inherited)",
					"@executable_path/Frameworks",
					"@loader_path/Frameworks",
				);
				PRODUCT_BUNDLE_IDENTIFIER = "brayamcorral-gmail.com.ParstagramTests";
				PRODUCT_NAME = "$(TARGET_NAME)";
				SWIFT_VERSION = 5.0;
				TARGETED_DEVICE_FAMILY = "1,2";
				TEST_HOST = "$(BUILT_PRODUCTS_DIR)/Parstagram.app/Parstagram";
			};
			name = Debug;
		};
		71CCF99E25E74B700051F2F8 /* Release */ = {
			isa = XCBuildConfiguration;
			baseConfigurationReference = 5A70C35BA61BA0F1F1E18A86 /* Pods-ParstagramTests.release.xcconfig */;
			buildSettings = {
				ALWAYS_EMBED_SWIFT_STANDARD_LIBRARIES = YES;
				BUNDLE_LOADER = "$(TEST_HOST)";
				CODE_SIGN_STYLE = Automatic;
				DEVELOPMENT_TEAM = 4YTNF24PY6;
				INFOPLIST_FILE = ParstagramTests/Info.plist;
				IPHONEOS_DEPLOYMENT_TARGET = 14.4;
				LD_RUNPATH_SEARCH_PATHS = (
					"$(inherited)",
					"@executable_path/Frameworks",
					"@loader_path/Frameworks",
				);
				PRODUCT_BUNDLE_IDENTIFIER = "brayamcorral-gmail.com.ParstagramTests";
				PRODUCT_NAME = "$(TARGET_NAME)";
				SWIFT_VERSION = 5.0;
				TARGETED_DEVICE_FAMILY = "1,2";
				TEST_HOST = "$(BUILT_PRODUCTS_DIR)/Parstagram.app/Parstagram";
			};
			name = Release;
		};
		71CCF9A025E74B700051F2F8 /* Debug */ = {
			isa = XCBuildConfiguration;
			baseConfigurationReference = B452B40CE58B186A1B2D81D6 /* Pods-Parstagram-ParstagramUITests.debug.xcconfig */;
			buildSettings = {
				ALWAYS_EMBED_SWIFT_STANDARD_LIBRARIES = YES;
				CODE_SIGN_STYLE = Automatic;
				DEVELOPMENT_TEAM = 4YTNF24PY6;
				INFOPLIST_FILE = ParstagramUITests/Info.plist;
				LD_RUNPATH_SEARCH_PATHS = (
					"$(inherited)",
					"@executable_path/Frameworks",
					"@loader_path/Frameworks",
				);
				PRODUCT_BUNDLE_IDENTIFIER = "brayamcorral-gmail.com.ParstagramUITests";
				PRODUCT_NAME = "$(TARGET_NAME)";
				SWIFT_VERSION = 5.0;
				TARGETED_DEVICE_FAMILY = "1,2";
				TEST_TARGET_NAME = Parstagram;
			};
			name = Debug;
		};
		71CCF9A125E74B700051F2F8 /* Release */ = {
			isa = XCBuildConfiguration;
			baseConfigurationReference = 57B0E79A660EFA4565F5E0F9 /* Pods-Parstagram-ParstagramUITests.release.xcconfig */;
			buildSettings = {
				ALWAYS_EMBED_SWIFT_STANDARD_LIBRARIES = YES;
				CODE_SIGN_STYLE = Automatic;
				DEVELOPMENT_TEAM = 4YTNF24PY6;
				INFOPLIST_FILE = ParstagramUITests/Info.plist;
				LD_RUNPATH_SEARCH_PATHS = (
					"$(inherited)",
					"@executable_path/Frameworks",
					"@loader_path/Frameworks",
				);
				PRODUCT_BUNDLE_IDENTIFIER = "brayamcorral-gmail.com.ParstagramUITests";
				PRODUCT_NAME = "$(TARGET_NAME)";
				SWIFT_VERSION = 5.0;
				TARGETED_DEVICE_FAMILY = "1,2";
				TEST_TARGET_NAME = Parstagram;
			};
			name = Release;
		};
/* End XCBuildConfiguration section */

/* Begin XCConfigurationList section */
		71CCF96A25E74B6F0051F2F8 /* Build configuration list for PBXProject "Parstagram" */ = {
			isa = XCConfigurationList;
			buildConfigurations = (
				71CCF99725E74B700051F2F8 /* Debug */,
				71CCF99825E74B700051F2F8 /* Release */,
			);
			defaultConfigurationIsVisible = 0;
			defaultConfigurationName = Release;
		};
		71CCF99925E74B700051F2F8 /* Build configuration list for PBXNativeTarget "Parstagram" */ = {
			isa = XCConfigurationList;
			buildConfigurations = (
				71CCF99A25E74B700051F2F8 /* Debug */,
				71CCF99B25E74B700051F2F8 /* Release */,
			);
			defaultConfigurationIsVisible = 0;
			defaultConfigurationName = Release;
		};
		71CCF99C25E74B700051F2F8 /* Build configuration list for PBXNativeTarget "ParstagramTests" */ = {
			isa = XCConfigurationList;
			buildConfigurations = (
				71CCF99D25E74B700051F2F8 /* Debug */,
				71CCF99E25E74B700051F2F8 /* Release */,
			);
			defaultConfigurationIsVisible = 0;
			defaultConfigurationName = Release;
		};
		71CCF99F25E74B700051F2F8 /* Build configuration list for PBXNativeTarget "ParstagramUITests" */ = {
			isa = XCConfigurationList;
			buildConfigurations = (
				71CCF9A025E74B700051F2F8 /* Debug */,
				71CCF9A125E74B700051F2F8 /* Release */,
			);
			defaultConfigurationIsVisible = 0;
			defaultConfigurationName = Release;
		};
/* End XCConfigurationList section */
	};
	rootObject = 71CCF96725E74B6F0051F2F8 /* Project object */;
}
